
Microsoft Visual Studio Solution File, Format Version 12.00
# Visual Studio Version 17
VisualStudioVersion = 17.10.35013.160
MinimumVisualStudioVersion = 10.0.40219.1
Project("{9A19103F-16F7-4668-BE54-9A1E7A4F7556}") = "ShowPlantProgress", "ShowPlantProgress.csproj", "{7A5078F7-7D90-41CF-8408-B09C800B257B}"
EndProject
Global
	GlobalSection(SolutionConfigurationPlatforms) = preSolution
		Debug|Any CPU = Debug|Any CPU
		Release|Any CPU = Release|Any CPU
	EndGlobalSection
	GlobalSection(ProjectConfigurationPlatforms) = postSolution
		{7A5078F7-7D90-41CF-8408-B09C800B257B}.Debug|Any CPU.ActiveCfg = Debug|Any CPU
		{7A5078F7-7D90-41CF-8408-B09C800B257B}.Debug|Any CPU.Build.0 = Debug|Any CPU
		{7A5078F7-7D90-41CF-8408-B09C800B257B}.Release|Any CPU.ActiveCfg = Release|Any CPU
		{7A5078F7-7D90-41CF-8408-B09C800B257B}.Release|Any CPU.Build.0 = Release|Any CPU
	EndGlobalSection
	GlobalSection(SolutionProperties) = preSolution
		HideSolutionNode = FALSE
	EndGlobalSection
	GlobalSection(ExtensibilityGlobals) = postSolution
		SolutionGuid = {7DB710AA-7229-4A17-93C9-2B2A70C58174}
	EndGlobalSection
EndGlobal
